
Microsoft Visual Studio Solution File, Format Version 12.00
# Visual Studio 2013
VisualStudioVersion = 12.0.21005.1
MinimumVisualStudioVersion = 10.0.40219.1
Project("{FAE04EC0-301F-11D3-BF4B-00C04F79EFBC}") = "MotionRemix", "MotionRemix\MotionRemix.csproj", "{46B8D710-117B-4D7C-8574-C2B98DE1A8F3}"
EndProject
Project("{FAE04EC0-301F-11D3-BF4B-00C04F79EFBC}") = "MotionRemix.Demo", "MotionRemix.Demo\MotionRemix.Demo.csproj", "{5A7641F8-599D-4844-B3D4-AA7A76496BCA}"
EndProject
Global
	GlobalSection(SolutionConfigurationPlatforms) = preSolution
		Debug|Any CPU = Debug|Any CPU
		Release|Any CPU = Release|Any CPU
	EndGlobalSection
	GlobalSection(ProjectConfigurationPlatforms) = postSolution
		{46B8D710-117B-4D7C-8574-C2B98DE1A8F3}.Debug|Any CPU.ActiveCfg = Debug|Any CPU
		{46B8D710-117B-4D7C-8574-C2B98DE1A8F3}.Debug|Any CPU.Build.0 = Debug|Any CPU
		{46B8D710-117B-4D7C-8574-C2B98DE1A8F3}.Release|Any CPU.ActiveCfg = Release|Any CPU
		{46B8D710-117B-4D7C-8574-C2B98DE1A8F3}.Release|Any CPU.Build.0 = Release|Any CPU
		{5A7641F8-599D-4844-B3D4-AA7A76496BCA}.Debug|Any CPU.ActiveCfg = Debug|Any CPU
		{5A7641F8-599D-4844-B3D4-AA7A76496BCA}.Debug|Any CPU.Build.0 = Debug|Any CPU
		{5A7641F8-599D-4844-B3D4-AA7A76496BCA}.Release|Any CPU.ActiveCfg = Release|Any CPU
		{5A7641F8-599D-4844-B3D4-AA7A76496BCA}.Release|Any CPU.Build.0 = Release|Any CPU
	EndGlobalSection
	GlobalSection(SolutionProperties) = preSolution
		HideSolutionNode = FALSE
	EndGlobalSection
EndGlobal
